
Microsoft Visual Studio Solution File, Format Version 12.00
# Visual Studio Version 17
VisualStudioVersion = 17.4.33205.214
MinimumVisualStudioVersion = 10.0.40219.1
Project("{FAE04EC0-301F-11D3-BF4B-00C04F79EFBC}") = "JWT_Console", "JWT_Console\JWT_Console.csproj", "{89D03783-8784-45C8-9730-A14C185BBDDB}"
EndProject
Global
	GlobalSection(SolutionConfigurationPlatforms) = preSolution
		Debug|Any CPU = Debug|Any CPU
		Release|Any CPU = Release|Any CPU
	EndGlobalSection
	GlobalSection(ProjectConfigurationPlatforms) = postSolution
		{89D03783-8784-45C8-9730-A14C185BBDDB}.Debug|Any CPU.ActiveCfg = Debug|Any CPU
		{89D03783-8784-45C8-9730-A14C185BBDDB}.Debug|Any CPU.Build.0 = Debug|Any CPU
		{89D03783-8784-45C8-9730-A14C185BBDDB}.Release|Any CPU.ActiveCfg = Release|Any CPU
		{89D03783-8784-45C8-9730-A14C185BBDDB}.Release|Any CPU.Build.0 = Release|Any CPU
	EndGlobalSection
	GlobalSection(SolutionProperties) = preSolution
		HideSolutionNode = FALSE
	EndGlobalSection
	GlobalSection(ExtensibilityGlobals) = postSolution
		SolutionGuid = {9D4AA68C-65E6-41FC-9E6D-C7049B35EDB3}
	EndGlobalSection
EndGlobal
