
Microsoft Visual Studio Solution File, Format Version 12.00
# Visual Studio Version 17
VisualStudioVersion = 17.4.33205.214
MinimumVisualStudioVersion = 10.0.40219.1
Project("{FAE04EC0-301F-11D3-BF4B-00C04F79EFBC}") = "Problem solving", "Problem solving\Problem solving.csproj", "{09666BCF-5E31-46BF-8991-2FC426F22F0B}"
EndProject
Global
	GlobalSection(SolutionConfigurationPlatforms) = preSolution
		Debug|Any CPU = Debug|Any CPU
		Release|Any CPU = Release|Any CPU
	EndGlobalSection
	GlobalSection(ProjectConfigurationPlatforms) = postSolution
		{09666BCF-5E31-46BF-8991-2FC426F22F0B}.Debug|Any CPU.ActiveCfg = Debug|Any CPU
		{09666BCF-5E31-46BF-8991-2FC426F22F0B}.Debug|Any CPU.Build.0 = Debug|Any CPU
		{09666BCF-5E31-46BF-8991-2FC426F22F0B}.Release|Any CPU.ActiveCfg = Release|Any CPU
		{09666BCF-5E31-46BF-8991-2FC426F22F0B}.Release|Any CPU.Build.0 = Release|Any CPU
	EndGlobalSection
	GlobalSection(SolutionProperties) = preSolution
		HideSolutionNode = FALSE
	EndGlobalSection
	GlobalSection(ExtensibilityGlobals) = postSolution
		SolutionGuid = {FA40F2EC-615B-439E-A1A7-B6842B5592FE}
	EndGlobalSection
EndGlobal
