
Microsoft Visual Studio Solution File, Format Version 12.00
# Visual Studio Version 17
VisualStudioVersion = 17.4.33205.214
MinimumVisualStudioVersion = 10.0.40219.1
Project("{FAE04EC0-301F-11D3-BF4B-00C04F79EFBC}") = "problem solving2", "problem solving2\problem solving2.csproj", "{A34F5638-04DF-414D-B022-A40EB4AFCC73}"
EndProject
Global
	GlobalSection(SolutionConfigurationPlatforms) = preSolution
		Debug|Any CPU = Debug|Any CPU
		Release|Any CPU = Release|Any CPU
	EndGlobalSection
	GlobalSection(ProjectConfigurationPlatforms) = postSolution
		{A34F5638-04DF-414D-B022-A40EB4AFCC73}.Debug|Any CPU.ActiveCfg = Debug|Any CPU
		{A34F5638-04DF-414D-B022-A40EB4AFCC73}.Debug|Any CPU.Build.0 = Debug|Any CPU
		{A34F5638-04DF-414D-B022-A40EB4AFCC73}.Release|Any CPU.ActiveCfg = Release|Any CPU
		{A34F5638-04DF-414D-B022-A40EB4AFCC73}.Release|Any CPU.Build.0 = Release|Any CPU
	EndGlobalSection
	GlobalSection(SolutionProperties) = preSolution
		HideSolutionNode = FALSE
	EndGlobalSection
	GlobalSection(ExtensibilityGlobals) = postSolution
		SolutionGuid = {E026384C-05F9-4FAF-B805-18243978E4FD}
	EndGlobalSection
EndGlobal
