
Microsoft Visual Studio Solution File, Format Version 12.00
# Visual Studio Version 17
VisualStudioVersion = 17.4.33205.214
MinimumVisualStudioVersion = 10.0.40219.1
Project("{FAE04EC0-301F-11D3-BF4B-00C04F79EFBC}") = "Three_Tier_Architecture", "Three_Tier_Architecture\Three_Tier_Architecture.csproj", "{8487469C-7B46-4BC0-8226-CF2F37CE912B}"
EndProject
Project("{FAE04EC0-301F-11D3-BF4B-00C04F79EFBC}") = "DAL", "DAL\DAL.csproj", "{AEC8FC7E-870A-4E8C-AAD6-5525FF73D015}"
EndProject
Project("{FAE04EC0-301F-11D3-BF4B-00C04F79EFBC}") = "BAL", "BAL\BAL.csproj", "{ECF647E1-8852-4215-ACAE-0D89DAF4FF26}"
EndProject
Global
	GlobalSection(SolutionConfigurationPlatforms) = preSolution
		Debug|Any CPU = Debug|Any CPU
		Release|Any CPU = Release|Any CPU
	EndGlobalSection
	GlobalSection(ProjectConfigurationPlatforms) = postSolution
		{8487469C-7B46-4BC0-8226-CF2F37CE912B}.Debug|Any CPU.ActiveCfg = Debug|Any CPU
		{8487469C-7B46-4BC0-8226-CF2F37CE912B}.Debug|Any CPU.Build.0 = Debug|Any CPU
		{8487469C-7B46-4BC0-8226-CF2F37CE912B}.Release|Any CPU.ActiveCfg = Release|Any CPU
		{8487469C-7B46-4BC0-8226-CF2F37CE912B}.Release|Any CPU.Build.0 = Release|Any CPU
		{AEC8FC7E-870A-4E8C-AAD6-5525FF73D015}.Debug|Any CPU.ActiveCfg = Debug|Any CPU
		{AEC8FC7E-870A-4E8C-AAD6-5525FF73D015}.Debug|Any CPU.Build.0 = Debug|Any CPU
		{AEC8FC7E-870A-4E8C-AAD6-5525FF73D015}.Release|Any CPU.ActiveCfg = Release|Any CPU
		{AEC8FC7E-870A-4E8C-AAD6-5525FF73D015}.Release|Any CPU.Build.0 = Release|Any CPU
		{ECF647E1-8852-4215-ACAE-0D89DAF4FF26}.Debug|Any CPU.ActiveCfg = Debug|Any CPU
		{ECF647E1-8852-4215-ACAE-0D89DAF4FF26}.Debug|Any CPU.Build.0 = Debug|Any CPU
		{ECF647E1-8852-4215-ACAE-0D89DAF4FF26}.Release|Any CPU.ActiveCfg = Release|Any CPU
		{ECF647E1-8852-4215-ACAE-0D89DAF4FF26}.Release|Any CPU.Build.0 = Release|Any CPU
	EndGlobalSection
	GlobalSection(SolutionProperties) = preSolution
		HideSolutionNode = FALSE
	EndGlobalSection
	GlobalSection(ExtensibilityGlobals) = postSolution
		SolutionGuid = {EB58316E-AB4D-4309-8B03-DF79465E88E1}
	EndGlobalSection
EndGlobal
