
Microsoft Visual Studio Solution File, Format Version 12.00
# Visual Studio Version 17
VisualStudioVersion = 17.3.32922.545
MinimumVisualStudioVersion = 10.0.40219.1
Project("{9A19103F-16F7-4668-BE54-9A1E7A4F7556}") = "3Tier_Architecture", "3Tier_Architecture\3Tier_Architecture.csproj", "{8C51964E-B9D0-4F9F-988C-E399C7AEC7C4}"
EndProject
Project("{9A19103F-16F7-4668-BE54-9A1E7A4F7556}") = "Employee_DBLayer", "Employee_DBLayer\Employee_DBLayer.csproj", "{C614B46A-5DDF-42FE-BD6F-9C99EC926795}"
EndProject
Project("{9A19103F-16F7-4668-BE54-9A1E7A4F7556}") = "Interface", "Interface\Interface.csproj", "{1BC0AC5B-FD3D-4583-B294-3F7DBB803FA2}"
EndProject
Project("{FAE04EC0-301F-11D3-BF4B-00C04F79EFBC}") = "TestProject1", "TestProject1\TestProject1.csproj", "{C1EA3AFB-5287-4DAB-954C-71EC63C212EF}"
EndProject
Global
	GlobalSection(SolutionConfigurationPlatforms) = preSolution
		Debug|Any CPU = Debug|Any CPU
		Release|Any CPU = Release|Any CPU
	EndGlobalSection
	GlobalSection(ProjectConfigurationPlatforms) = postSolution
		{8C51964E-B9D0-4F9F-988C-E399C7AEC7C4}.Debug|Any CPU.ActiveCfg = Debug|Any CPU
		{8C51964E-B9D0-4F9F-988C-E399C7AEC7C4}.Debug|Any CPU.Build.0 = Debug|Any CPU
		{8C51964E-B9D0-4F9F-988C-E399C7AEC7C4}.Release|Any CPU.ActiveCfg = Release|Any CPU
		{8C51964E-B9D0-4F9F-988C-E399C7AEC7C4}.Release|Any CPU.Build.0 = Release|Any CPU
		{C614B46A-5DDF-42FE-BD6F-9C99EC926795}.Debug|Any CPU.ActiveCfg = Debug|Any CPU
		{C614B46A-5DDF-42FE-BD6F-9C99EC926795}.Debug|Any CPU.Build.0 = Debug|Any CPU
		{C614B46A-5DDF-42FE-BD6F-9C99EC926795}.Release|Any CPU.ActiveCfg = Release|Any CPU
		{C614B46A-5DDF-42FE-BD6F-9C99EC926795}.Release|Any CPU.Build.0 = Release|Any CPU
		{1BC0AC5B-FD3D-4583-B294-3F7DBB803FA2}.Debug|Any CPU.ActiveCfg = Debug|Any CPU
		{1BC0AC5B-FD3D-4583-B294-3F7DBB803FA2}.Debug|Any CPU.Build.0 = Debug|Any CPU
		{1BC0AC5B-FD3D-4583-B294-3F7DBB803FA2}.Release|Any CPU.ActiveCfg = Release|Any CPU
		{1BC0AC5B-FD3D-4583-B294-3F7DBB803FA2}.Release|Any CPU.Build.0 = Release|Any CPU
		{C1EA3AFB-5287-4DAB-954C-71EC63C212EF}.Debug|Any CPU.ActiveCfg = Debug|Any CPU
		{C1EA3AFB-5287-4DAB-954C-71EC63C212EF}.Debug|Any CPU.Build.0 = Debug|Any CPU
		{C1EA3AFB-5287-4DAB-954C-71EC63C212EF}.Release|Any CPU.ActiveCfg = Release|Any CPU
		{C1EA3AFB-5287-4DAB-954C-71EC63C212EF}.Release|Any CPU.Build.0 = Release|Any CPU
	EndGlobalSection
	GlobalSection(SolutionProperties) = preSolution
		HideSolutionNode = FALSE
	EndGlobalSection
	GlobalSection(ExtensibilityGlobals) = postSolution
		SolutionGuid = {18038CB0-9045-4861-8841-2E20B684C2EA}
	EndGlobalSection
EndGlobal
