
Microsoft Visual Studio Solution File, Format Version 12.00
# Visual Studio Version 17
VisualStudioVersion = 17.3.32922.545
MinimumVisualStudioVersion = 10.0.40219.1
Project("{FAE04EC0-301F-11D3-BF4B-00C04F79EFBC}") = "SyncProgram_Example", "SyncProgram_Example\SyncProgram_Example.csproj", "{FF933947-9B36-4B2A-B5A3-5351E9030901}"
EndProject
Global
	GlobalSection(SolutionConfigurationPlatforms) = preSolution
		Debug|Any CPU = Debug|Any CPU
		Release|Any CPU = Release|Any CPU
	EndGlobalSection
	GlobalSection(ProjectConfigurationPlatforms) = postSolution
		{FF933947-9B36-4B2A-B5A3-5351E9030901}.Debug|Any CPU.ActiveCfg = Debug|Any CPU
		{FF933947-9B36-4B2A-B5A3-5351E9030901}.Debug|Any CPU.Build.0 = Debug|Any CPU
		{FF933947-9B36-4B2A-B5A3-5351E9030901}.Release|Any CPU.ActiveCfg = Release|Any CPU
		{FF933947-9B36-4B2A-B5A3-5351E9030901}.Release|Any CPU.Build.0 = Release|Any CPU
	EndGlobalSection
	GlobalSection(SolutionProperties) = preSolution
		HideSolutionNode = FALSE
	EndGlobalSection
	GlobalSection(ExtensibilityGlobals) = postSolution
		SolutionGuid = {41B4732A-A88A-4D31-B014-CC245B900BCF}
	EndGlobalSection
EndGlobal
