
Microsoft Visual Studio Solution File, Format Version 12.00
# Visual Studio Version 17
VisualStudioVersion = 17.4.33205.214
MinimumVisualStudioVersion = 10.0.40219.1
Project("{FAE04EC0-301F-11D3-BF4B-00C04F79EFBC}") = "Problemsolving3", "Problemsolving3\Problemsolving3.csproj", "{A776697E-5B35-48B6-89BE-C71CBA4938BA}"
EndProject
Global
	GlobalSection(SolutionConfigurationPlatforms) = preSolution
		Debug|Any CPU = Debug|Any CPU
		Release|Any CPU = Release|Any CPU
	EndGlobalSection
	GlobalSection(ProjectConfigurationPlatforms) = postSolution
		{A776697E-5B35-48B6-89BE-C71CBA4938BA}.Debug|Any CPU.ActiveCfg = Debug|Any CPU
		{A776697E-5B35-48B6-89BE-C71CBA4938BA}.Debug|Any CPU.Build.0 = Debug|Any CPU
		{A776697E-5B35-48B6-89BE-C71CBA4938BA}.Release|Any CPU.ActiveCfg = Release|Any CPU
		{A776697E-5B35-48B6-89BE-C71CBA4938BA}.Release|Any CPU.Build.0 = Release|Any CPU
	EndGlobalSection
	GlobalSection(SolutionProperties) = preSolution
		HideSolutionNode = FALSE
	EndGlobalSection
	GlobalSection(ExtensibilityGlobals) = postSolution
		SolutionGuid = {8B019E12-121A-48C8-9225-33BCE8345FFF}
	EndGlobalSection
EndGlobal
